<?xml version="1.0" encoding="utf-8"?>
<Project ToolsVersion="4.0" xmlns="http://schemas.microsoft.com/developer/msbuild/2003">
  <ItemGroup>
    <Filter Include="includes">
      <UniqueIdentifier>{1CA10C65-086E-6770-3187-55181DB39CFE}</UniqueIdentifier>
    </Filter>
    <Filter Include="includes\PPC">
      <UniqueIdentifier>{CEF38A6E-BA56-1A13-63DC-52C94F1EE695}</UniqueIdentifier>
    </Filter>
    <Filter Include="includes\PPC\Data">
      <UniqueIdentifier>{F7F95ACE-6310-5964-AC87-E48518DD29EC}</UniqueIdentifier>
    </Filter>
    <Filter Include="includes\PPC\Stage1">
      <UniqueIdentifier>{42424CF5-AEA3-2903-3711-70B5A37160C2}</UniqueIdentifier>
    </Filter>
    <Filter Include="includes\PPC\Stage2">
      <UniqueIdentifier>{43424CF5-AFA3-2903-3811-70B5A47160C2}</UniqueIdentifier>
    </Filter>
    <Filter Include="src">
      <UniqueIdentifier>{2DAB880B-99B4-887C-2230-9F7C8E38947C}</UniqueIdentifier>
    </Filter>
    <Filter Include="src\Stage1">
      <UniqueIdentifier>{C118442F-ADD0-857C-16D8-5ED802AF206D}</UniqueIdentifier>
    </Filter>
  </ItemGroup>
  <ItemGroup>
    <ClInclude Include="includes\PPC\Data\ASMFile.hpp">
      <Filter>includes\PPC\Data</Filter>
    </ClInclude>
    <ClInclude Include="includes\PPC\Data\CompilerSettings.hpp">
      <Filter>includes\PPC\Data</Filter>
    </ClInclude>
    <ClInclude Include="includes\PPC\Data\Scope.hpp">
      <Filter>includes\PPC\Data</Filter>
    </ClInclude>
    <ClInclude Include="includes\PPC\Logger.hpp">
      <Filter>includes\PPC</Filter>
    </ClInclude>
    <ClInclude Include="includes\PPC\Stage2\IR.hpp">
      <Filter>includes\PPC\Stage2</Filter>
    </ClInclude>
  </ItemGroup>
  <ItemGroup>
    <ClCompile Include="src\main.cpp">
      <Filter>src</Filter>
    </ClCompile>
  </ItemGroup>
</Project>