<?xml version="1.0" encoding="utf-8"?>
<Project ToolsVersion="4.0" xmlns="http://schemas.microsoft.com/developer/msbuild/2003">
  <ItemGroup>
    <Filter Include="includes">
      <UniqueIdentifier>{1CA10C65-086E-6770-3187-55181DB39CFE}</UniqueIdentifier>
    </Filter>
    <Filter Include="includes\PPCLexer">
      <UniqueIdentifier>{0E397AD0-7A4F-7866-C3C6-03882F1C49EE}</UniqueIdentifier>
    </Filter>
    <Filter Include="includes\PPCLexer\Arguments">
      <UniqueIdentifier>{D33CC9B8-3F4A-F79E-C830-F389343DC355}</UniqueIdentifier>
    </Filter>
    <Filter Include="includes\PPCLexer\FileInputs">
      <UniqueIdentifier>{A0531548-8C0E-05F4-35C6-7D3E21604F84}</UniqueIdentifier>
    </Filter>
    <Filter Include="includes\PPCLexer\Subpasses">
      <UniqueIdentifier>{364DF020-A25A-1E07-2B41-1AF2974DEABD}</UniqueIdentifier>
    </Filter>
    <Filter Include="src">
      <UniqueIdentifier>{2DAB880B-99B4-887C-2230-9F7C8E38947C}</UniqueIdentifier>
    </Filter>
    <Filter Include="src\Subpasses">
      <UniqueIdentifier>{15326F74-81F2-EAAA-4A2D-3428B6AC2F87}</UniqueIdentifier>
    </Filter>
  </ItemGroup>
  <ItemGroup>
    <ClInclude Include="includes\PPCLexer\Arguments\ArgumentSettings.hpp">
      <Filter>includes\PPCLexer\Arguments</Filter>
    </ClInclude>
    <ClInclude Include="includes\PPCLexer\Arguments\Arguments.hpp">
      <Filter>includes\PPCLexer\Arguments</Filter>
    </ClInclude>
    <ClInclude Include="includes\PPCLexer\FileInputs\LoadInput.hpp">
      <Filter>includes\PPCLexer\FileInputs</Filter>
    </ClInclude>
    <ClInclude Include="includes\PPCLexer\Subpasses\Subpass1.hpp">
      <Filter>includes\PPCLexer\Subpasses</Filter>
    </ClInclude>
    <ClInclude Include="includes\PPCLexer\Subpasses\Subpass2.hpp">
      <Filter>includes\PPCLexer\Subpasses</Filter>
    </ClInclude>
    <ClInclude Include="includes\PPCLexer\Subpasses\SubpassExtraStripping.hpp">
      <Filter>includes\PPCLexer\Subpasses</Filter>
    </ClInclude>
  </ItemGroup>
  <ItemGroup>
    <ClCompile Include="src\Subpasses\Subpass1.cpp">
      <Filter>src\Subpasses</Filter>
    </ClCompile>
    <ClCompile Include="src\main.cpp">
      <Filter>src</Filter>
    </ClCompile>
  </ItemGroup>
</Project>