<?xml version="1.0" encoding="utf-8"?>
<Project ToolsVersion="4.0" xmlns="http://schemas.microsoft.com/developer/msbuild/2003">
  <ItemGroup>
    <Filter Include="includes">
      <UniqueIdentifier>{1CA10C65-086E-6770-3187-55181DB39CFE}</UniqueIdentifier>
    </Filter>
    <Filter Include="includes\PPCLib">
      <UniqueIdentifier>{455AFCDF-B1E5-69A4-BAF6-EC982601C6A4}</UniqueIdentifier>
    </Filter>
    <Filter Include="includes\PPCLib\Data">
      <UniqueIdentifier>{CE0232D2-BA91-BB9B-63B0-CF964F1ECC41}</UniqueIdentifier>
    </Filter>
    <Filter Include="includes\Venders">
      <UniqueIdentifier>{E29C78E1-CE95-9733-F7C7-7CB8E31F773F}</UniqueIdentifier>
    </Filter>
    <Filter Include="src">
      <UniqueIdentifier>{2DAB880B-99B4-887C-2230-9F7C8E38947C}</UniqueIdentifier>
    </Filter>
  </ItemGroup>
  <ItemGroup>
    <ClInclude Include="includes\PPCLib\Data\Datatypes.h">
      <Filter>includes\PPCLib\Data</Filter>
    </ClInclude>
    <ClInclude Include="includes\PPCLib\Data\Splits.hpp">
      <Filter>includes\PPCLib\Data</Filter>
    </ClInclude>
    <ClInclude Include="includes\PPCLib\Logger.hpp">
      <Filter>includes\PPCLib</Filter>
    </ClInclude>
    <ClInclude Include="includes\PPCLibVenders\json.hpp">
      <Filter>includes\Venders</Filter>
    </ClInclude>
    <ClInclude Include="includes\PPCLib\Data\Scope.hpp" />
    <ClInclude Include="includes\PPCLib\Data\ObjectType.hpp" />
    <ClInclude Include="includes\PPCLib\SymbolMap\PPCSymbol.hpp" />
  </ItemGroup>
  <ItemGroup>
    <ClCompile Include="src\Source.cpp">
      <Filter>src</Filter>
    </ClCompile>
  </ItemGroup>
</Project>